
Microsoft Visual Studio Solution File, Format Version 12.00
# Visual Studio Version 17
VisualStudioVersion = 17.3.32825.248
MinimumVisualStudioVersion = 10.0.40219.1
Project("{9A19103F-16F7-4668-BE54-9A1E7A4F7556}") = "NLayer.Core", "NLayer.Core\NLayer.Core.csproj", "{0627AE06-26D5-4F79-AEA3-D805BFAFEC0B}"
EndProject
Project("{9A19103F-16F7-4668-BE54-9A1E7A4F7556}") = "NLayer.Repository", "NLayer.Repository\NLayer.Repository.csproj", "{C42BB885-6CDF-4858-AF66-B8AADD1E4001}"
EndProject
Project("{9A19103F-16F7-4668-BE54-9A1E7A4F7556}") = "NLayer.Service", "NLayer.Service\NLayer.Service.csproj", "{3C3B1916-BF89-4B13-AC4F-F885F1458473}"
EndProject
Project("{FAE04EC0-301F-11D3-BF4B-00C04F79EFBC}") = "NLayer.API", "NLayer.API\NLayer.API.csproj", "{548C31D8-6E08-4369-B7FA-4E887FCD4DEB}"
EndProject
Project("{9A19103F-16F7-4668-BE54-9A1E7A4F7556}") = "NLayer.Web", "NLayer.Web\NLayer.Web.csproj", "{54CA0D14-FBA3-414B-ACA7-7DE1515E92E6}"
EndProject
Project("{9A19103F-16F7-4668-BE54-9A1E7A4F7556}") = "NLayer.Caching", "NLayer.Caching\NLayer.Caching.csproj", "{BD32AD9B-9E82-4D44-9615-4CD6075B1B4E}"
EndProject
Project("{2150E333-8FDC-42A3-9474-1A3956D46DE8}") = "Solution Items", "Solution Items", "{5E721F59-CE98-4D06-A7D3-4DA89276186B}"
	ProjectSection(SolutionItems) = preProject
		Ports.txt = Ports.txt
	EndProjectSection
EndProject
Global
	GlobalSection(SolutionConfigurationPlatforms) = preSolution
		Debug|Any CPU = Debug|Any CPU
		Release|Any CPU = Release|Any CPU
	EndGlobalSection
	GlobalSection(ProjectConfigurationPlatforms) = postSolution
		{0627AE06-26D5-4F79-AEA3-D805BFAFEC0B}.Debug|Any CPU.ActiveCfg = Debug|Any CPU
		{0627AE06-26D5-4F79-AEA3-D805BFAFEC0B}.Debug|Any CPU.Build.0 = Debug|Any CPU
		{0627AE06-26D5-4F79-AEA3-D805BFAFEC0B}.Release|Any CPU.ActiveCfg = Release|Any CPU
		{0627AE06-26D5-4F79-AEA3-D805BFAFEC0B}.Release|Any CPU.Build.0 = Release|Any CPU
		{C42BB885-6CDF-4858-AF66-B8AADD1E4001}.Debug|Any CPU.ActiveCfg = Debug|Any CPU
		{C42BB885-6CDF-4858-AF66-B8AADD1E4001}.Debug|Any CPU.Build.0 = Debug|Any CPU
		{C42BB885-6CDF-4858-AF66-B8AADD1E4001}.Release|Any CPU.ActiveCfg = Release|Any CPU
		{C42BB885-6CDF-4858-AF66-B8AADD1E4001}.Release|Any CPU.Build.0 = Release|Any CPU
		{3C3B1916-BF89-4B13-AC4F-F885F1458473}.Debug|Any CPU.ActiveCfg = Debug|Any CPU
		{3C3B1916-BF89-4B13-AC4F-F885F1458473}.Debug|Any CPU.Build.0 = Debug|Any CPU
		{3C3B1916-BF89-4B13-AC4F-F885F1458473}.Release|Any CPU.ActiveCfg = Release|Any CPU
		{3C3B1916-BF89-4B13-AC4F-F885F1458473}.Release|Any CPU.Build.0 = Release|Any CPU
		{548C31D8-6E08-4369-B7FA-4E887FCD4DEB}.Debug|Any CPU.ActiveCfg = Debug|Any CPU
		{548C31D8-6E08-4369-B7FA-4E887FCD4DEB}.Debug|Any CPU.Build.0 = Debug|Any CPU
		{548C31D8-6E08-4369-B7FA-4E887FCD4DEB}.Release|Any CPU.ActiveCfg = Release|Any CPU
		{548C31D8-6E08-4369-B7FA-4E887FCD4DEB}.Release|Any CPU.Build.0 = Release|Any CPU
		{54CA0D14-FBA3-414B-ACA7-7DE1515E92E6}.Debug|Any CPU.ActiveCfg = Debug|Any CPU
		{54CA0D14-FBA3-414B-ACA7-7DE1515E92E6}.Debug|Any CPU.Build.0 = Debug|Any CPU
		{54CA0D14-FBA3-414B-ACA7-7DE1515E92E6}.Release|Any CPU.ActiveCfg = Release|Any CPU
		{54CA0D14-FBA3-414B-ACA7-7DE1515E92E6}.Release|Any CPU.Build.0 = Release|Any CPU
		{BD32AD9B-9E82-4D44-9615-4CD6075B1B4E}.Debug|Any CPU.ActiveCfg = Debug|Any CPU
		{BD32AD9B-9E82-4D44-9615-4CD6075B1B4E}.Debug|Any CPU.Build.0 = Debug|Any CPU
		{BD32AD9B-9E82-4D44-9615-4CD6075B1B4E}.Release|Any CPU.ActiveCfg = Release|Any CPU
		{BD32AD9B-9E82-4D44-9615-4CD6075B1B4E}.Release|Any CPU.Build.0 = Release|Any CPU
	EndGlobalSection
	GlobalSection(SolutionProperties) = preSolution
		HideSolutionNode = FALSE
	EndGlobalSection
	GlobalSection(ExtensibilityGlobals) = postSolution
		SolutionGuid = {8D6D5342-916C-4850-BD9F-83DA7E3D3E49}
	EndGlobalSection
EndGlobal
